
Microsoft Visual Studio Solution File, Format Version 12.00
# Visual Studio Version 17
VisualStudioVersion = 17.8.34511.84
MinimumVisualStudioVersion = 10.0.40219.1
Project("{FAE04EC0-301F-11D3-BF4B-00C04F79EFBC}") = "DatabaseService", "DatabaseService\DatabaseService.csproj", "{5A81E63A-3785-4848-A735-B80D78C97065}"
EndProject
Project("{FAE04EC0-301F-11D3-BF4B-00C04F79EFBC}") = "ClassLibraryDatabase", "ClassLibraryDatabase\ClassLibraryDatabase.csproj", "{23C46792-0BCE-443E-9C74-DD7BC1E8DC52}"
EndProject
Project("{FAE04EC0-301F-11D3-BF4B-00C04F79EFBC}") = "Client", "Client\Client.csproj", "{52510729-5EC8-4201-A46D-44217A62BD86}"
	ProjectSection(ProjectDependencies) = postProject
		{5A81E63A-3785-4848-A735-B80D78C97065} = {5A81E63A-3785-4848-A735-B80D78C97065}
	EndProjectSection
EndProject
Global
	GlobalSection(SolutionConfigurationPlatforms) = preSolution
		Debug|Any CPU = Debug|Any CPU
		Release|Any CPU = Release|Any CPU
	EndGlobalSection
	GlobalSection(ProjectConfigurationPlatforms) = postSolution
		{5A81E63A-3785-4848-A735-B80D78C97065}.Debug|Any CPU.ActiveCfg = Debug|Any CPU
		{5A81E63A-3785-4848-A735-B80D78C97065}.Debug|Any CPU.Build.0 = Debug|Any CPU
		{5A81E63A-3785-4848-A735-B80D78C97065}.Release|Any CPU.ActiveCfg = Release|Any CPU
		{5A81E63A-3785-4848-A735-B80D78C97065}.Release|Any CPU.Build.0 = Release|Any CPU
		{23C46792-0BCE-443E-9C74-DD7BC1E8DC52}.Debug|Any CPU.ActiveCfg = Debug|Any CPU
		{23C46792-0BCE-443E-9C74-DD7BC1E8DC52}.Debug|Any CPU.Build.0 = Debug|Any CPU
		{23C46792-0BCE-443E-9C74-DD7BC1E8DC52}.Release|Any CPU.ActiveCfg = Release|Any CPU
		{23C46792-0BCE-443E-9C74-DD7BC1E8DC52}.Release|Any CPU.Build.0 = Release|Any CPU
		{52510729-5EC8-4201-A46D-44217A62BD86}.Debug|Any CPU.ActiveCfg = Debug|Any CPU
		{52510729-5EC8-4201-A46D-44217A62BD86}.Debug|Any CPU.Build.0 = Debug|Any CPU
		{52510729-5EC8-4201-A46D-44217A62BD86}.Release|Any CPU.ActiveCfg = Release|Any CPU
		{52510729-5EC8-4201-A46D-44217A62BD86}.Release|Any CPU.Build.0 = Release|Any CPU
	EndGlobalSection
	GlobalSection(SolutionProperties) = preSolution
		HideSolutionNode = FALSE
	EndGlobalSection
	GlobalSection(ExtensibilityGlobals) = postSolution
		SolutionGuid = {4F6614F3-EFF1-4CB7-B1AF-691BE4A30017}
	EndGlobalSection
EndGlobal
